
Microsoft Visual Studio Solution File, Format Version 12.00
# Visual Studio 15
VisualStudioVersion = 15.0.27703.2042
MinimumVisualStudioVersion = 10.0.40219.1
Project("{FAE04EC0-301F-11D3-BF4B-00C04F79EFBC}") = "DoctorsRecord", "DoctorsRecord\DoctorsRecord.csproj", "{7006A019-A0AA-48FF-B657-0D40F000D554}"
EndProject
Global
	GlobalSection(SolutionConfigurationPlatforms) = preSolution
		Debug|Any CPU = Debug|Any CPU
		Release|Any CPU = Release|Any CPU
	EndGlobalSection
	GlobalSection(ProjectConfigurationPlatforms) = postSolution
		{7006A019-A0AA-48FF-B657-0D40F000D554}.Debug|Any CPU.ActiveCfg = Debug|Any CPU
		{7006A019-A0AA-48FF-B657-0D40F000D554}.Debug|Any CPU.Build.0 = Debug|Any CPU
		{7006A019-A0AA-48FF-B657-0D40F000D554}.Release|Any CPU.ActiveCfg = Release|Any CPU
		{7006A019-A0AA-48FF-B657-0D40F000D554}.Release|Any CPU.Build.0 = Release|Any CPU
	EndGlobalSection
	GlobalSection(SolutionProperties) = preSolution
		HideSolutionNode = FALSE
	EndGlobalSection
	GlobalSection(ExtensibilityGlobals) = postSolution
		SolutionGuid = {4CB1ECA9-B206-47E9-9F21-AF1667506895}
	EndGlobalSection
EndGlobal
